
Microsoft Visual Studio Solution File, Format Version 12.00
# Visual Studio Version 16
VisualStudioVersion = 16.0.30114.105
MinimumVisualStudioVersion = 10.0.40219.1
Project("{2150E333-8FDC-42A3-9474-1A3956D46DE8}") = "src", "src", "{6683022C-F6B3-4E89-9F53-7AEC33DAE268}"
EndProject
Project("{FAE04EC0-301F-11D3-BF4B-00C04F79EFBC}") = "GradeBook", "src\GradeBook\GradeBook.csproj", "{23AFF95F-8DE8-4533-B76E-47B2450BAC38}"
EndProject
Project("{2150E333-8FDC-42A3-9474-1A3956D46DE8}") = "test", "test", "{05160370-D5E6-4E50-9407-4FA161DFF4E8}"
EndProject
Project("{FAE04EC0-301F-11D3-BF4B-00C04F79EFBC}") = "GradeBook.Tests", "test\GradeBook.Tests\GradeBook.Tests.csproj", "{B859706F-0D91-4190-8EAA-213DA9C897F4}"
EndProject
Global
	GlobalSection(SolutionConfigurationPlatforms) = preSolution
		Debug|Any CPU = Debug|Any CPU
		Release|Any CPU = Release|Any CPU
	EndGlobalSection
	GlobalSection(SolutionProperties) = preSolution
		HideSolutionNode = FALSE
	EndGlobalSection
	GlobalSection(ProjectConfigurationPlatforms) = postSolution
		{23AFF95F-8DE8-4533-B76E-47B2450BAC38}.Debug|Any CPU.ActiveCfg = Debug|Any CPU
		{23AFF95F-8DE8-4533-B76E-47B2450BAC38}.Debug|Any CPU.Build.0 = Debug|Any CPU
		{23AFF95F-8DE8-4533-B76E-47B2450BAC38}.Release|Any CPU.ActiveCfg = Release|Any CPU
		{23AFF95F-8DE8-4533-B76E-47B2450BAC38}.Release|Any CPU.Build.0 = Release|Any CPU
		{B859706F-0D91-4190-8EAA-213DA9C897F4}.Debug|Any CPU.ActiveCfg = Debug|Any CPU
		{B859706F-0D91-4190-8EAA-213DA9C897F4}.Debug|Any CPU.Build.0 = Debug|Any CPU
		{B859706F-0D91-4190-8EAA-213DA9C897F4}.Release|Any CPU.ActiveCfg = Release|Any CPU
		{B859706F-0D91-4190-8EAA-213DA9C897F4}.Release|Any CPU.Build.0 = Release|Any CPU
	EndGlobalSection
	GlobalSection(NestedProjects) = preSolution
		{23AFF95F-8DE8-4533-B76E-47B2450BAC38} = {6683022C-F6B3-4E89-9F53-7AEC33DAE268}
		{B859706F-0D91-4190-8EAA-213DA9C897F4} = {05160370-D5E6-4E50-9407-4FA161DFF4E8}
	EndGlobalSection
EndGlobal
